
Microsoft Visual Studio Solution File, Format Version 12.00
# Visual Studio Version 16
VisualStudioVersion = 16.0.30804.86
MinimumVisualStudioVersion = 10.0.40219.1
Project("{9A19103F-16F7-4668-BE54-9A1E7A4F7556}") = "ara225.DynamoDBUserStore", "ara225.DynamoDBUserStore\ara225.DynamoDBUserStore.csproj", "{C6E386C0-43BB-4098-9654-AB19DE994D60}"
EndProject
Project("{2150E333-8FDC-42A3-9474-1A3956D46DE8}") = "Sample", "Sample", "{C0A67C2B-CE36-4B65-A2D2-3B404958FBDB}"
EndProject
Project("{9A19103F-16F7-4668-BE54-9A1E7A4F7556}") = "ara225.DynamoDBUserStore.Sample", "ara225.DynamoDBUserStore.Sample\ara225.DynamoDBUserStore.Sample.csproj", "{FE094064-C154-43A5-9B6F-32DE08E2E372}"
EndProject
Project("{FAE04EC0-301F-11D3-BF4B-00C04F79EFBC}") = "DynamoDBUserStoreTests", "DynamoDBUserStoreTests\DynamoDBUserStoreTests.csproj", "{B0EC7093-5AB1-43F2-B197-4DDE3A45E9EA}"
EndProject
Global
	GlobalSection(SolutionConfigurationPlatforms) = preSolution
		Debug|Any CPU = Debug|Any CPU
		Release|Any CPU = Release|Any CPU
	EndGlobalSection
	GlobalSection(ProjectConfigurationPlatforms) = postSolution
		{C6E386C0-43BB-4098-9654-AB19DE994D60}.Debug|Any CPU.ActiveCfg = Debug|Any CPU
		{C6E386C0-43BB-4098-9654-AB19DE994D60}.Debug|Any CPU.Build.0 = Debug|Any CPU
		{C6E386C0-43BB-4098-9654-AB19DE994D60}.Release|Any CPU.ActiveCfg = Release|Any CPU
		{C6E386C0-43BB-4098-9654-AB19DE994D60}.Release|Any CPU.Build.0 = Release|Any CPU
		{FE094064-C154-43A5-9B6F-32DE08E2E372}.Debug|Any CPU.ActiveCfg = Debug|Any CPU
		{FE094064-C154-43A5-9B6F-32DE08E2E372}.Debug|Any CPU.Build.0 = Debug|Any CPU
		{FE094064-C154-43A5-9B6F-32DE08E2E372}.Release|Any CPU.ActiveCfg = Release|Any CPU
		{FE094064-C154-43A5-9B6F-32DE08E2E372}.Release|Any CPU.Build.0 = Release|Any CPU
		{B0EC7093-5AB1-43F2-B197-4DDE3A45E9EA}.Debug|Any CPU.ActiveCfg = Debug|Any CPU
		{B0EC7093-5AB1-43F2-B197-4DDE3A45E9EA}.Debug|Any CPU.Build.0 = Debug|Any CPU
		{B0EC7093-5AB1-43F2-B197-4DDE3A45E9EA}.Release|Any CPU.ActiveCfg = Release|Any CPU
		{B0EC7093-5AB1-43F2-B197-4DDE3A45E9EA}.Release|Any CPU.Build.0 = Release|Any CPU
	EndGlobalSection
	GlobalSection(SolutionProperties) = preSolution
		HideSolutionNode = FALSE
	EndGlobalSection
	GlobalSection(NestedProjects) = preSolution
		{FE094064-C154-43A5-9B6F-32DE08E2E372} = {C0A67C2B-CE36-4B65-A2D2-3B404958FBDB}
	EndGlobalSection
	GlobalSection(ExtensibilityGlobals) = postSolution
		SolutionGuid = {0A53EAF0-016E-450E-B8CF-4EFB7C90C729}
	EndGlobalSection
EndGlobal
